
Microsoft Visual Studio Solution File, Format Version 12.00
# Visual Studio Version 17
VisualStudioVersion = 17.0.31903.59
MinimumVisualStudioVersion = 10.0.40219.1
Project("{2150E333-8FDC-42A3-9474-1A3956D46DE8}") = "src", "src", "{827E0CD3-B72D-47B6-A68D-7590B98EB39B}"
EndProject
Project("{FAE04EC0-301F-11D3-BF4B-00C04F79EFBC}") = "AssetManager.Application", "src\AssetManager.Application\AssetManager.Application.csproj", "{61670418-7B75-44A2-9779-DDEB25DE9A37}"
EndProject
Project("{FAE04EC0-301F-11D3-BF4B-00C04F79EFBC}") = "AssetManager.Desktop", "src\AssetManager.Desktop\AssetManager.Desktop.csproj", "{B5F20EA9-D68C-4BE1-B971-758AA103AD51}"
EndProject
Project("{FAE04EC0-301F-11D3-BF4B-00C04F79EFBC}") = "AssetManager.Domain", "src\AssetManager.Domain\AssetManager.Domain.csproj", "{AA2C974B-8F87-47F5-AEDD-A69E6B002A18}"
EndProject
Project("{FAE04EC0-301F-11D3-BF4B-00C04F79EFBC}") = "AssetManager.Infrastructure.Storage", "src\AssetManager.Infrastructure.Storage\AssetManager.Infrastructure.Storage.csproj", "{E4FD3726-B5EE-4AD2-85B0-D72A15601567}"
EndProject
Project("{FAE04EC0-301F-11D3-BF4B-00C04F79EFBC}") = "AssetManager.Infrastructure.Windows", "src\AssetManager.Infrastructure.Windows\AssetManager.Infrastructure.Windows.csproj", "{E74F7076-D58E-45BF-8655-15B988DD813F}"
EndProject
Project("{FAE04EC0-301F-11D3-BF4B-00C04F79EFBC}") = "AssetManager.Plugin.Abstractions", "src\AssetManager.Plugin.Abstractions\AssetManager.Plugin.Abstractions.csproj", "{A380E36C-EC65-44D2-97A0-F2977C0623BC}"
EndProject
Project("{FAE04EC0-301F-11D3-BF4B-00C04F79EFBC}") = "AssetManager.Plugin.Host", "src\AssetManager.Plugin.Host\AssetManager.Plugin.Host.csproj", "{62DE303C-1505-49BD-8D5A-A4524BD35EE0}"
EndProject
Project("{FAE04EC0-301F-11D3-BF4B-00C04F79EFBC}") = "AssetManager.Plugin.Sdk", "src\AssetManager.Plugin.Sdk\AssetManager.Plugin.Sdk.csproj", "{367966CE-BFA6-4783-874F-B6D4D611EADA}"
EndProject
Project("{FAE04EC0-301F-11D3-BF4B-00C04F79EFBC}") = "AssetManager.Plugin.Worker", "src\AssetManager.Plugin.Worker\AssetManager.Plugin.Worker.csproj", "{403AFE77-CCA3-452C-BA0F-32F39F937D42}"
EndProject
Project("{2150E333-8FDC-42A3-9474-1A3956D46DE8}") = "tests", "tests", "{0AB3BF05-4346-4AA6-1389-037BE0695223}"
EndProject
Project("{FAE04EC0-301F-11D3-BF4B-00C04F79EFBC}") = "AssetManager.Tests", "tests\AssetManager.Tests\AssetManager.Tests.csproj", "{96FB595C-87A0-42A6-9CD0-D67A7EB7567D}"
EndProject
Global
	GlobalSection(SolutionConfigurationPlatforms) = preSolution
		Debug|Any CPU = Debug|Any CPU
		Debug|x64 = Debug|x64
		Debug|x86 = Debug|x86
		Release|Any CPU = Release|Any CPU
		Release|x64 = Release|x64
		Release|x86 = Release|x86
	EndGlobalSection
	GlobalSection(ProjectConfigurationPlatforms) = postSolution
		{61670418-7B75-44A2-9779-DDEB25DE9A37}.Debug|Any CPU.ActiveCfg = Debug|Any CPU
		{61670418-7B75-44A2-9779-DDEB25DE9A37}.Debug|Any CPU.Build.0 = Debug|Any CPU
		{61670418-7B75-44A2-9779-DDEB25DE9A37}.Debug|x64.ActiveCfg = Debug|Any CPU
		{61670418-7B75-44A2-9779-DDEB25DE9A37}.Debug|x64.Build.0 = Debug|Any CPU
		{61670418-7B75-44A2-9779-DDEB25DE9A37}.Debug|x86.ActiveCfg = Debug|Any CPU
		{61670418-7B75-44A2-9779-DDEB25DE9A37}.Debug|x86.Build.0 = Debug|Any CPU
		{61670418-7B75-44A2-9779-DDEB25DE9A37}.Release|Any CPU.ActiveCfg = Release|Any CPU
		{61670418-7B75-44A2-9779-DDEB25DE9A37}.Release|Any CPU.Build.0 = Release|Any CPU
		{61670418-7B75-44A2-9779-DDEB25DE9A37}.Release|x64.ActiveCfg = Release|Any CPU
		{61670418-7B75-44A2-9779-DDEB25DE9A37}.Release|x64.Build.0 = Release|Any CPU
		{61670418-7B75-44A2-9779-DDEB25DE9A37}.Release|x86.ActiveCfg = Release|Any CPU
		{61670418-7B75-44A2-9779-DDEB25DE9A37}.Release|x86.Build.0 = Release|Any CPU
		{B5F20EA9-D68C-4BE1-B971-758AA103AD51}.Debug|Any CPU.ActiveCfg = Debug|Any CPU
		{B5F20EA9-D68C-4BE1-B971-758AA103AD51}.Debug|Any CPU.Build.0 = Debug|Any CPU
		{B5F20EA9-D68C-4BE1-B971-758AA103AD51}.Debug|x64.ActiveCfg = Debug|Any CPU
		{B5F20EA9-D68C-4BE1-B971-758AA103AD51}.Debug|x64.Build.0 = Debug|Any CPU
		{B5F20EA9-D68C-4BE1-B971-758AA103AD51}.Debug|x86.ActiveCfg = Debug|Any CPU
		{B5F20EA9-D68C-4BE1-B971-758AA103AD51}.Debug|x86.Build.0 = Debug|Any CPU
		{B5F20EA9-D68C-4BE1-B971-758AA103AD51}.Release|Any CPU.ActiveCfg = Release|Any CPU
		{B5F20EA9-D68C-4BE1-B971-758AA103AD51}.Release|Any CPU.Build.0 = Release|Any CPU
		{B5F20EA9-D68C-4BE1-B971-758AA103AD51}.Release|x64.ActiveCfg = Release|Any CPU
		{B5F20EA9-D68C-4BE1-B971-758AA103AD51}.Release|x64.Build.0 = Release|Any CPU
		{B5F20EA9-D68C-4BE1-B971-758AA103AD51}.Release|x86.ActiveCfg = Release|Any CPU
		{B5F20EA9-D68C-4BE1-B971-758AA103AD51}.Release|x86.Build.0 = Release|Any CPU
		{AA2C974B-8F87-47F5-AEDD-A69E6B002A18}.Debug|Any CPU.ActiveCfg = Debug|Any CPU
		{AA2C974B-8F87-47F5-AEDD-A69E6B002A18}.Debug|Any CPU.Build.0 = Debug|Any CPU
		{AA2C974B-8F87-47F5-AEDD-A69E6B002A18}.Debug|x64.ActiveCfg = Debug|Any CPU
		{AA2C974B-8F87-47F5-AEDD-A69E6B002A18}.Debug|x64.Build.0 = Debug|Any CPU
		{AA2C974B-8F87-47F5-AEDD-A69E6B002A18}.Debug|x86.ActiveCfg = Debug|Any CPU
		{AA2C974B-8F87-47F5-AEDD-A69E6B002A18}.Debug|x86.Build.0 = Debug|Any CPU
		{AA2C974B-8F87-47F5-AEDD-A69E6B002A18}.Release|Any CPU.ActiveCfg = Release|Any CPU
		{AA2C974B-8F87-47F5-AEDD-A69E6B002A18}.Release|Any CPU.Build.0 = Release|Any CPU
		{AA2C974B-8F87-47F5-AEDD-A69E6B002A18}.Release|x64.ActiveCfg = Release|Any CPU
		{AA2C974B-8F87-47F5-AEDD-A69E6B002A18}.Release|x64.Build.0 = Release|Any CPU
		{AA2C974B-8F87-47F5-AEDD-A69E6B002A18}.Release|x86.ActiveCfg = Release|Any CPU
		{AA2C974B-8F87-47F5-AEDD-A69E6B002A18}.Release|x86.Build.0 = Release|Any CPU
		{E4FD3726-B5EE-4AD2-85B0-D72A15601567}.Debug|Any CPU.ActiveCfg = Debug|Any CPU
		{E4FD3726-B5EE-4AD2-85B0-D72A15601567}.Debug|Any CPU.Build.0 = Debug|Any CPU
		{E4FD3726-B5EE-4AD2-85B0-D72A15601567}.Debug|x64.ActiveCfg = Debug|Any CPU
		{E4FD3726-B5EE-4AD2-85B0-D72A15601567}.Debug|x64.Build.0 = Debug|Any CPU
		{E4FD3726-B5EE-4AD2-85B0-D72A15601567}.Debug|x86.ActiveCfg = Debug|Any CPU
		{E4FD3726-B5EE-4AD2-85B0-D72A15601567}.Debug|x86.Build.0 = Debug|Any CPU
		{E4FD3726-B5EE-4AD2-85B0-D72A15601567}.Release|Any CPU.ActiveCfg = Release|Any CPU
		{E4FD3726-B5EE-4AD2-85B0-D72A15601567}.Release|Any CPU.Build.0 = Release|Any CPU
		{E4FD3726-B5EE-4AD2-85B0-D72A15601567}.Release|x64.ActiveCfg = Release|Any CPU
		{E4FD3726-B5EE-4AD2-85B0-D72A15601567}.Release|x64.Build.0 = Release|Any CPU
		{E4FD3726-B5EE-4AD2-85B0-D72A15601567}.Release|x86.ActiveCfg = Release|Any CPU
		{E4FD3726-B5EE-4AD2-85B0-D72A15601567}.Release|x86.Build.0 = Release|Any CPU
		{E74F7076-D58E-45BF-8655-15B988DD813F}.Debug|Any CPU.ActiveCfg = Debug|Any CPU
		{E74F7076-D58E-45BF-8655-15B988DD813F}.Debug|Any CPU.Build.0 = Debug|Any CPU
		{E74F7076-D58E-45BF-8655-15B988DD813F}.Debug|x64.ActiveCfg = Debug|Any CPU
		{E74F7076-D58E-45BF-8655-15B988DD813F}.Debug|x64.Build.0 = Debug|Any CPU
		{E74F7076-D58E-45BF-8655-15B988DD813F}.Debug|x86.ActiveCfg = Debug|Any CPU
		{E74F7076-D58E-45BF-8655-15B988DD813F}.Debug|x86.Build.0 = Debug|Any CPU
		{E74F7076-D58E-45BF-8655-15B988DD813F}.Release|Any CPU.ActiveCfg = Release|Any CPU
		{E74F7076-D58E-45BF-8655-15B988DD813F}.Release|Any CPU.Build.0 = Release|Any CPU
		{E74F7076-D58E-45BF-8655-15B988DD813F}.Release|x64.ActiveCfg = Release|Any CPU
		{E74F7076-D58E-45BF-8655-15B988DD813F}.Release|x64.Build.0 = Release|Any CPU
		{E74F7076-D58E-45BF-8655-15B988DD813F}.Release|x86.ActiveCfg = Release|Any CPU
		{E74F7076-D58E-45BF-8655-15B988DD813F}.Release|x86.Build.0 = Release|Any CPU
		{A380E36C-EC65-44D2-97A0-F2977C0623BC}.Debug|Any CPU.ActiveCfg = Debug|Any CPU
		{A380E36C-EC65-44D2-97A0-F2977C0623BC}.Debug|Any CPU.Build.0 = Debug|Any CPU
		{A380E36C-EC65-44D2-97A0-F2977C0623BC}.Debug|x64.ActiveCfg = Debug|Any CPU
		{A380E36C-EC65-44D2-97A0-F2977C0623BC}.Debug|x64.Build.0 = Debug|Any CPU
		{A380E36C-EC65-44D2-97A0-F2977C0623BC}.Debug|x86.ActiveCfg = Debug|Any CPU
		{A380E36C-EC65-44D2-97A0-F2977C0623BC}.Debug|x86.Build.0 = Debug|Any CPU
		{A380E36C-EC65-44D2-97A0-F2977C0623BC}.Release|Any CPU.ActiveCfg = Release|Any CPU
		{A380E36C-EC65-44D2-97A0-F2977C0623BC}.Release|Any CPU.Build.0 = Release|Any CPU
		{A380E36C-EC65-44D2-97A0-F2977C0623BC}.Release|x64.ActiveCfg = Release|Any CPU
		{A380E36C-EC65-44D2-97A0-F2977C0623BC}.Release|x64.Build.0 = Release|Any CPU
		{A380E36C-EC65-44D2-97A0-F2977C0623BC}.Release|x86.ActiveCfg = Release|Any CPU
		{A380E36C-EC65-44D2-97A0-F2977C0623BC}.Release|x86.Build.0 = Release|Any CPU
		{62DE303C-1505-49BD-8D5A-A4524BD35EE0}.Debug|Any CPU.ActiveCfg = Debug|Any CPU
		{62DE303C-1505-49BD-8D5A-A4524BD35EE0}.Debug|Any CPU.Build.0 = Debug|Any CPU
		{62DE303C-1505-49BD-8D5A-A4524BD35EE0}.Debug|x64.ActiveCfg = Debug|Any CPU
		{62DE303C-1505-49BD-8D5A-A4524BD35EE0}.Debug|x64.Build.0 = Debug|Any CPU
		{62DE303C-1505-49BD-8D5A-A4524BD35EE0}.Debug|x86.ActiveCfg = Debug|Any CPU
		{62DE303C-1505-49BD-8D5A-A4524BD35EE0}.Debug|x86.Build.0 = Debug|Any CPU
		{62DE303C-1505-49BD-8D5A-A4524BD35EE0}.Release|Any CPU.ActiveCfg = Release|Any CPU
		{62DE303C-1505-49BD-8D5A-A4524BD35EE0}.Release|Any CPU.Build.0 = Release|Any CPU
		{62DE303C-1505-49BD-8D5A-A4524BD35EE0}.Release|x64.ActiveCfg = Release|Any CPU
		{62DE303C-1505-49BD-8D5A-A4524BD35EE0}.Release|x64.Build.0 = Release|Any CPU
		{62DE303C-1505-49BD-8D5A-A4524BD35EE0}.Release|x86.ActiveCfg = Release|Any CPU
		{62DE303C-1505-49BD-8D5A-A4524BD35EE0}.Release|x86.Build.0 = Release|Any CPU
		{367966CE-BFA6-4783-874F-B6D4D611EADA}.Debug|Any CPU.ActiveCfg = Debug|Any CPU
		{367966CE-BFA6-4783-874F-B6D4D611EADA}.Debug|Any CPU.Build.0 = Debug|Any CPU
		{367966CE-BFA6-4783-874F-B6D4D611EADA}.Debug|x64.ActiveCfg = Debug|Any CPU
		{367966CE-BFA6-4783-874F-B6D4D611EADA}.Debug|x64.Build.0 = Debug|Any CPU
		{367966CE-BFA6-4783-874F-B6D4D611EADA}.Debug|x86.ActiveCfg = Debug|Any CPU
		{367966CE-BFA6-4783-874F-B6D4D611EADA}.Debug|x86.Build.0 = Debug|Any CPU
		{367966CE-BFA6-4783-874F-B6D4D611EADA}.Release|Any CPU.ActiveCfg = Release|Any CPU
		{367966CE-BFA6-4783-874F-B6D4D611EADA}.Release|Any CPU.Build.0 = Release|Any CPU
		{367966CE-BFA6-4783-874F-B6D4D611EADA}.Release|x64.ActiveCfg = Release|Any CPU
		{367966CE-BFA6-4783-874F-B6D4D611EADA}.Release|x64.Build.0 = Release|Any CPU
		{367966CE-BFA6-4783-874F-B6D4D611EADA}.Release|x86.ActiveCfg = Release|Any CPU
		{367966CE-BFA6-4783-874F-B6D4D611EADA}.Release|x86.Build.0 = Release|Any CPU
		{403AFE77-CCA3-452C-BA0F-32F39F937D42}.Debug|Any CPU.ActiveCfg = Debug|Any CPU
		{403AFE77-CCA3-452C-BA0F-32F39F937D42}.Debug|Any CPU.Build.0 = Debug|Any CPU
		{403AFE77-CCA3-452C-BA0F-32F39F937D42}.Debug|x64.ActiveCfg = Debug|Any CPU
		{403AFE77-CCA3-452C-BA0F-32F39F937D42}.Debug|x64.Build.0 = Debug|Any CPU
		{403AFE77-CCA3-452C-BA0F-32F39F937D42}.Debug|x86.ActiveCfg = Debug|Any CPU
		{403AFE77-CCA3-452C-BA0F-32F39F937D42}.Debug|x86.Build.0 = Debug|Any CPU
		{403AFE77-CCA3-452C-BA0F-32F39F937D42}.Release|Any CPU.ActiveCfg = Release|Any CPU
		{403AFE77-CCA3-452C-BA0F-32F39F937D42}.Release|Any CPU.Build.0 = Release|Any CPU
		{403AFE77-CCA3-452C-BA0F-32F39F937D42}.Release|x64.ActiveCfg = Release|Any CPU
		{403AFE77-CCA3-452C-BA0F-32F39F937D42}.Release|x64.Build.0 = Release|Any CPU
		{403AFE77-CCA3-452C-BA0F-32F39F937D42}.Release|x86.ActiveCfg = Release|Any CPU
		{403AFE77-CCA3-452C-BA0F-32F39F937D42}.Release|x86.Build.0 = Release|Any CPU
		{96FB595C-87A0-42A6-9CD0-D67A7EB7567D}.Debug|Any CPU.ActiveCfg = Debug|Any CPU
		{96FB595C-87A0-42A6-9CD0-D67A7EB7567D}.Debug|Any CPU.Build.0 = Debug|Any CPU
		{96FB595C-87A0-42A6-9CD0-D67A7EB7567D}.Debug|x64.ActiveCfg = Debug|Any CPU
		{96FB595C-87A0-42A6-9CD0-D67A7EB7567D}.Debug|x64.Build.0 = Debug|Any CPU
		{96FB595C-87A0-42A6-9CD0-D67A7EB7567D}.Debug|x86.ActiveCfg = Debug|Any CPU
		{96FB595C-87A0-42A6-9CD0-D67A7EB7567D}.Debug|x86.Build.0 = Debug|Any CPU
		{96FB595C-87A0-42A6-9CD0-D67A7EB7567D}.Release|Any CPU.ActiveCfg = Release|Any CPU
		{96FB595C-87A0-42A6-9CD0-D67A7EB7567D}.Release|Any CPU.Build.0 = Release|Any CPU
		{96FB595C-87A0-42A6-9CD0-D67A7EB7567D}.Release|x64.ActiveCfg = Release|Any CPU
		{96FB595C-87A0-42A6-9CD0-D67A7EB7567D}.Release|x64.Build.0 = Release|Any CPU
		{96FB595C-87A0-42A6-9CD0-D67A7EB7567D}.Release|x86.ActiveCfg = Release|Any CPU
		{96FB595C-87A0-42A6-9CD0-D67A7EB7567D}.Release|x86.Build.0 = Release|Any CPU
	EndGlobalSection
	GlobalSection(SolutionProperties) = preSolution
		HideSolutionNode = FALSE
	EndGlobalSection
	GlobalSection(NestedProjects) = preSolution
		{61670418-7B75-44A2-9779-DDEB25DE9A37} = {827E0CD3-B72D-47B6-A68D-7590B98EB39B}
		{B5F20EA9-D68C-4BE1-B971-758AA103AD51} = {827E0CD3-B72D-47B6-A68D-7590B98EB39B}
		{AA2C974B-8F87-47F5-AEDD-A69E6B002A18} = {827E0CD3-B72D-47B6-A68D-7590B98EB39B}
		{E4FD3726-B5EE-4AD2-85B0-D72A15601567} = {827E0CD3-B72D-47B6-A68D-7590B98EB39B}
		{E74F7076-D58E-45BF-8655-15B988DD813F} = {827E0CD3-B72D-47B6-A68D-7590B98EB39B}
		{A380E36C-EC65-44D2-97A0-F2977C0623BC} = {827E0CD3-B72D-47B6-A68D-7590B98EB39B}
		{62DE303C-1505-49BD-8D5A-A4524BD35EE0} = {827E0CD3-B72D-47B6-A68D-7590B98EB39B}
		{367966CE-BFA6-4783-874F-B6D4D611EADA} = {827E0CD3-B72D-47B6-A68D-7590B98EB39B}
		{403AFE77-CCA3-452C-BA0F-32F39F937D42} = {827E0CD3-B72D-47B6-A68D-7590B98EB39B}
		{96FB595C-87A0-42A6-9CD0-D67A7EB7567D} = {0AB3BF05-4346-4AA6-1389-037BE0695223}
	EndGlobalSection
EndGlobal
